
Microsoft Visual Studio Solution File, Format Version 12.00
# Visual Studio Version 16
VisualStudioVersion = 16.0.30011.22
MinimumVisualStudioVersion = 10.0.40219.1
Project("{FAE04EC0-301F-11D3-BF4B-00C04F79EFBC}") = "WsTowerMobile.Android", "WsTowerMobile\WsTowerMobile.Android\WsTowerMobile.Android.csproj", "{9EE8C30E-5A03-40EE-8314-D9FD499C003A}"
EndProject
Project("{FAE04EC0-301F-11D3-BF4B-00C04F79EFBC}") = "WsTowerMobile", "WsTowerMobile\WsTowerMobile\WsTowerMobile.csproj", "{15AE5839-711B-451B-A6CA-DED8937D5C8C}"
EndProject
Global
	GlobalSection(SolutionConfigurationPlatforms) = preSolution
		Debug|Any CPU = Debug|Any CPU
		Release|Any CPU = Release|Any CPU
	EndGlobalSection
	GlobalSection(ProjectConfigurationPlatforms) = postSolution
		{9EE8C30E-5A03-40EE-8314-D9FD499C003A}.Debug|Any CPU.ActiveCfg = Debug|Any CPU
		{9EE8C30E-5A03-40EE-8314-D9FD499C003A}.Debug|Any CPU.Build.0 = Debug|Any CPU
		{9EE8C30E-5A03-40EE-8314-D9FD499C003A}.Debug|Any CPU.Deploy.0 = Debug|Any CPU
		{9EE8C30E-5A03-40EE-8314-D9FD499C003A}.Release|Any CPU.ActiveCfg = Release|Any CPU
		{9EE8C30E-5A03-40EE-8314-D9FD499C003A}.Release|Any CPU.Build.0 = Release|Any CPU
		{9EE8C30E-5A03-40EE-8314-D9FD499C003A}.Release|Any CPU.Deploy.0 = Release|Any CPU
		{15AE5839-711B-451B-A6CA-DED8937D5C8C}.Debug|Any CPU.ActiveCfg = Debug|Any CPU
		{15AE5839-711B-451B-A6CA-DED8937D5C8C}.Debug|Any CPU.Build.0 = Debug|Any CPU
		{15AE5839-711B-451B-A6CA-DED8937D5C8C}.Debug|Any CPU.Deploy.0 = Debug|Any CPU
		{15AE5839-711B-451B-A6CA-DED8937D5C8C}.Release|Any CPU.ActiveCfg = Release|Any CPU
		{15AE5839-711B-451B-A6CA-DED8937D5C8C}.Release|Any CPU.Build.0 = Release|Any CPU
		{15AE5839-711B-451B-A6CA-DED8937D5C8C}.Release|Any CPU.Deploy.0 = Release|Any CPU
	EndGlobalSection
	GlobalSection(SolutionProperties) = preSolution
		HideSolutionNode = FALSE
	EndGlobalSection
	GlobalSection(ExtensibilityGlobals) = postSolution
		SolutionGuid = {7C4C8F7E-AE36-4AE3-A101-7E57E07B34EF}
	EndGlobalSection
EndGlobal
